
Microsoft Visual Studio Solution File, Format Version 12.00
# Visual Studio Version 16
VisualStudioVersion = 16.0.30204.51
MinimumVisualStudioVersion = 10.0.40219.1
Project("{8BC9CEB8-8B4A-11D0-8D11-00A0C91BC942}") = "testbed", "testbed.vcxproj", "{DDEA9746-62A5-44F2-84ED-BE9AD7481243}"
EndProject
Global
	GlobalSection(SolutionConfigurationPlatforms) = preSolution
		Debug|Gaming.Xbox.Scarlett.x64 = Debug|Gaming.Xbox.Scarlett.x64
		Debug|Gaming.Xbox.XboxOne.x64 = Debug|Gaming.Xbox.XboxOne.x64
		Release|Gaming.Xbox.Scarlett.x64 = Release|Gaming.Xbox.Scarlett.x64
		Release|Gaming.Xbox.XboxOne.x64 = Release|Gaming.Xbox.XboxOne.x64
	EndGlobalSection
	GlobalSection(ProjectConfigurationPlatforms) = postSolution
		{DDEA9746-62A5-44F2-84ED-BE9AD7481243}.Debug|Gaming.Xbox.Scarlett.x64.ActiveCfg = Debug|Gaming.Xbox.Scarlett.x64
		{DDEA9746-62A5-44F2-84ED-BE9AD7481243}.Debug|Gaming.Xbox.Scarlett.x64.Build.0 = Debug|Gaming.Xbox.Scarlett.x64
		{DDEA9746-62A5-44F2-84ED-BE9AD7481243}.Debug|Gaming.Xbox.Scarlett.x64.Deploy.0 = Debug|Gaming.Xbox.Scarlett.x64
		{DDEA9746-62A5-44F2-84ED-BE9AD7481243}.Debug|Gaming.Xbox.XboxOne.x64.ActiveCfg = Debug|Gaming.Xbox.Scarlett.x64
		{DDEA9746-62A5-44F2-84ED-BE9AD7481243}.Release|Gaming.Xbox.Scarlett.x64.ActiveCfg = Release|Gaming.Xbox.Scarlett.x64
		{DDEA9746-62A5-44F2-84ED-BE9AD7481243}.Release|Gaming.Xbox.Scarlett.x64.Build.0 = Release|Gaming.Xbox.Scarlett.x64
		{DDEA9746-62A5-44F2-84ED-BE9AD7481243}.Release|Gaming.Xbox.Scarlett.x64.Deploy.0 = Release|Gaming.Xbox.Scarlett.x64
		{DDEA9746-62A5-44F2-84ED-BE9AD7481243}.Release|Gaming.Xbox.XboxOne.x64.ActiveCfg = Release|Gaming.Xbox.Scarlett.x64
	EndGlobalSection
	GlobalSection(SolutionProperties) = preSolution
		HideSolutionNode = FALSE
	EndGlobalSection
	GlobalSection(ExtensibilityGlobals) = postSolution
		SolutionGuid = {CF208751-AA5E-45A4-84B3-B3A9AFA6F605}
	EndGlobalSection
EndGlobal
