
Microsoft Visual Studio Solution File, Format Version 12.00
# Visual Studio 15
VisualStudioVersion = 15.0.28307.852
MinimumVisualStudioVersion = 10.0.40219.1
Project("{8BC9CEB8-8B4A-11D0-8D11-00A0C91BC942}") = "testbed", "testbed.vcxproj", "{B967AF8F-9BA7-4EF8-8ADC-BA0FFBDA5EC4}"
EndProject
Global
	GlobalSection(SolutionConfigurationPlatforms) = preSolution
		Debug|Win64 = Debug|Win64
		Debug|x64 = Debug|x64
		Release|Win64 = Release|Win64
		Release|x64 = Release|x64
	EndGlobalSection
	GlobalSection(ProjectConfigurationPlatforms) = postSolution
		{B967AF8F-9BA7-4EF8-8ADC-BA0FFBDA5EC4}.Debug|Win64.ActiveCfg = Debug|x64
		{B967AF8F-9BA7-4EF8-8ADC-BA0FFBDA5EC4}.Debug|Win64.Build.0 = Debug|x64
		{B967AF8F-9BA7-4EF8-8ADC-BA0FFBDA5EC4}.Debug|x64.ActiveCfg = Debug|x64
		{B967AF8F-9BA7-4EF8-8ADC-BA0FFBDA5EC4}.Debug|x64.Build.0 = Debug|x64
		{B967AF8F-9BA7-4EF8-8ADC-BA0FFBDA5EC4}.Release|Win64.ActiveCfg = Release|x64
		{B967AF8F-9BA7-4EF8-8ADC-BA0FFBDA5EC4}.Release|Win64.Build.0 = Release|x64
		{B967AF8F-9BA7-4EF8-8ADC-BA0FFBDA5EC4}.Release|x64.ActiveCfg = Release|x64
		{B967AF8F-9BA7-4EF8-8ADC-BA0FFBDA5EC4}.Release|x64.Build.0 = Release|x64
	EndGlobalSection
	GlobalSection(SolutionProperties) = preSolution
		HideSolutionNode = FALSE
	EndGlobalSection
	GlobalSection(ExtensibilityGlobals) = postSolution
		SolutionGuid = {2B2A9720-D0B0-4107-B517-6CD9B0C3F4D0}
	EndGlobalSection
EndGlobal
