
Microsoft Visual Studio Solution File, Format Version 12.00
# Visual Studio 15
VisualStudioVersion = 15.0.27703.2035
MinimumVisualStudioVersion = 10.0.40219.1
Project("{8BC9CEB8-8B4A-11D0-8D11-00A0C91BC942}") = "testbed", "testbed.vcxproj", "{02A0BE82-AAD0-4ADE-983F-E301E8F25C71}"
EndProject
Global
	GlobalSection(SolutionConfigurationPlatforms) = preSolution
		Debug|Playstation4 = Debug|Playstation4
		Release|Playstation4 = Release|Playstation4
	EndGlobalSection
	GlobalSection(ProjectConfigurationPlatforms) = postSolution
		{02A0BE82-AAD0-4ADE-983F-E301E8F25C71}.Debug|Playstation4.ActiveCfg = Debug|ORBIS
		{02A0BE82-AAD0-4ADE-983F-E301E8F25C71}.Debug|Playstation4.Build.0 = Debug|ORBIS
		{02A0BE82-AAD0-4ADE-983F-E301E8F25C71}.Release|Playstation4.ActiveCfg = Release|ORBIS
		{02A0BE82-AAD0-4ADE-983F-E301E8F25C71}.Release|Playstation4.Build.0 = Release|ORBIS
	EndGlobalSection
	GlobalSection(SolutionProperties) = preSolution
		HideSolutionNode = FALSE
	EndGlobalSection
	GlobalSection(ExtensibilityGlobals) = postSolution
		SolutionGuid = {F2A9037F-10F7-492D-810B-CCD81B6B86CD}
	EndGlobalSection
EndGlobal
